<?xml version="1.0" encoding="utf-8"?>
<Project ToolsVersion="4.0" xmlns="http://schemas.microsoft.com/developer/msbuild/2003">
  <ItemGroup>
    <Filter Include="Source Files">
      <UniqueIdentifier>{4FC737F1-C7A5-4376-A066-2A32D752A2FF}</UniqueIdentifier>
      <Extensions>cpp;c;cc;cxx;c++;cppm;ixx;def;odl;idl;hpj;bat;asm;asmx</Extensions>
    </Filter>
    <Filter Include="Header Files">
      <UniqueIdentifier>{93995380-89BD-4b04-88EB-625FBE52EBFB}</UniqueIdentifier>
      <Extensions>h;hh;hpp;hxx;h++;hm;inl;inc;ipp;xsd</Extensions>
    </Filter>
    <Filter Include="Resource Files">
      <UniqueIdentifier>{67DA6AB6-F800-4c08-8B7A-83BB121AAD01}</UniqueIdentifier>
      <Extensions>rc;ico;cur;bmp;dlg;rc2;rct;bin;rgs;gif;jpg;jpeg;jpe;resx;tiff;tif;png;wav;mfcribbon-ms</Extensions>
    </Filter>
    <Filter Include="addons">
      <UniqueIdentifier>{2883ad75-a64c-478a-82b0-478fe4bf5985}</UniqueIdentifier>
    </Filter>
    <Filter Include="Imgui">
      <UniqueIdentifier>{947059eb-26d7-4201-a5a1-b8fa6aeb8171}</UniqueIdentifier>
    </Filter>
  </ItemGroup>
  <ItemGroup>
    <ClCompile Include="Main.cpp">
      <Filter>Source Files</Filter>
    </ClCompile>
    <ClCompile Include="glad.c">
      <Filter>addons</Filter>
    </ClCompile>
    <ClCompile Include="App.cpp">
      <Filter>addons</Filter>
    </ClCompile>
    <ClCompile Include="Astroid.cpp">
      <Filter>addons</Filter>
    </ClCompile>
    <ClCompile Include="AstroidManager.cpp">
      <Filter>addons</Filter>
    </ClCompile>
    <ClCompile Include="AstroidObject.cpp">
      <Filter>addons</Filter>
    </ClCompile>
    <ClCompile Include="b2BodyGrabber.cpp">
      <Filter>addons</Filter>
    </ClCompile>
    <ClCompile Include="baseContactListener.cpp">
      <Filter>addons</Filter>
    </ClCompile>
    <ClCompile Include="breakable.cpp">
      <Filter>addons</Filter>
    </ClCompile>
    <ClCompile Include="Bullet.cpp">
      <Filter>addons</Filter>
    </ClCompile>
    <ClCompile Include="Camera.cpp">
      <Filter>addons</Filter>
    </ClCompile>
    <ClCompile Include="CameraController.cpp">
      <Filter>addons</Filter>
    </ClCompile>
    <ClCompile Include="Car.cpp">
      <Filter>addons</Filter>
    </ClCompile>
    <ClCompile Include="CSApp.cpp">
      <Filter>addons</Filter>
    </ClCompile>
    <ClCompile Include="defaults_SpaceBuster.cpp">
      <Filter>addons</Filter>
    </ClCompile>
    <ClCompile Include="Game.cpp">
      <Filter>addons</Filter>
    </ClCompile>
    <ClCompile Include="GameObject.cpp">
      <Filter>addons</Filter>
    </ClCompile>
    <ClCompile Include="Inventory.cpp">
      <Filter>addons</Filter>
    </ClCompile>
    <ClCompile Include="InventoryScene.cpp">
      <Filter>addons</Filter>
    </ClCompile>
    <ClCompile Include="Item.cpp">
      <Filter>addons</Filter>
    </ClCompile>
    <ClCompile Include="ItemObject.cpp">
      <Filter>addons</Filter>
    </ClCompile>
    <ClCompile Include="ItemPickupScene.cpp">
      <Filter>addons</Filter>
    </ClCompile>
    <ClCompile Include="newGameTemplate.cpp">
      <Filter>addons</Filter>
    </ClCompile>
    <ClCompile Include="ObjectFactory.cpp">
      <Filter>addons</Filter>
    </ClCompile>
    <ClCompile Include="PhysDebug.cpp">
      <Filter>addons</Filter>
    </ClCompile>
    <ClCompile Include="pinball.cpp">
      <Filter>addons</Filter>
    </ClCompile>
    <ClCompile Include="Platformer.cpp">
      <Filter>addons</Filter>
    </ClCompile>
    <ClCompile Include="ResourceManager.cpp">
      <Filter>addons</Filter>
    </ClCompile>
    <ClCompile Include="Shader.cpp">
      <Filter>addons</Filter>
    </ClCompile>
    <ClCompile Include="ShipController.cpp">
      <Filter>addons</Filter>
    </ClCompile>
    <ClCompile Include="SpaceBuster.cpp">
      <Filter>addons</Filter>
    </ClCompile>
    <ClCompile Include="Spaceship.cpp">
      <Filter>addons</Filter>
    </ClCompile>
    <ClCompile Include="SpriteTest.cpp">
      <Filter>addons</Filter>
    </ClCompile>
    <ClCompile Include="Surface.cpp">
      <Filter>addons</Filter>
    </ClCompile>
    <ClCompile Include="test_Astroids.cpp">
      <Filter>addons</Filter>
    </ClCompile>
    <ClCompile Include="Texture.cpp">
      <Filter>addons</Filter>
    </ClCompile>
    <ClCompile Include="Utility_Physics.cpp">
      <Filter>addons</Filter>
    </ClCompile>
    <ClCompile Include="Zone.cpp">
      <Filter>addons</Filter>
    </ClCompile>
    <ClCompile Include="ZoneTest.cpp">
      <Filter>addons</Filter>
    </ClCompile>
    <ClCompile Include="imgui\imgui.cpp">
      <Filter>Imgui</Filter>
    </ClCompile>
    <ClCompile Include="imgui\imgui_demo.cpp">
      <Filter>Imgui</Filter>
    </ClCompile>
    <ClCompile Include="imgui\imgui_draw.cpp">
      <Filter>Imgui</Filter>
    </ClCompile>
    <ClCompile Include="imgui\imgui_impl_glfw.cpp">
      <Filter>Imgui</Filter>
    </ClCompile>
    <ClCompile Include="imgui\imgui_impl_opengl3.cpp">
      <Filter>Imgui</Filter>
    </ClCompile>
    <ClCompile Include="imgui\imgui_tables.cpp">
      <Filter>Imgui</Filter>
    </ClCompile>
    <ClCompile Include="imgui\imgui_widgets.cpp">
      <Filter>Imgui</Filter>
    </ClCompile>
  </ItemGroup>
  <ItemGroup>
    <ClInclude Include="resource.h">
      <Filter>Header Files</Filter>
    </ClInclude>
    <ClInclude Include="App.h">
      <Filter>Header Files</Filter>
    </ClInclude>
    <ClInclude Include="Astroid.h">
      <Filter>Header Files</Filter>
    </ClInclude>
    <ClInclude Include="AstroidManager.h">
      <Filter>Header Files</Filter>
    </ClInclude>
    <ClInclude Include="AstroidObject.h">
      <Filter>Header Files</Filter>
    </ClInclude>
    <ClInclude Include="b2BodyGrabber.h">
      <Filter>Header Files</Filter>
    </ClInclude>
    <ClInclude Include="baseContactListener.h">
      <Filter>Header Files</Filter>
    </ClInclude>
    <ClInclude Include="Bullet.h">
      <Filter>Header Files</Filter>
    </ClInclude>
    <ClInclude Include="Camera.h">
      <Filter>Header Files</Filter>
    </ClInclude>
    <ClInclude Include="CameraController.h">
      <Filter>Header Files</Filter>
    </ClInclude>
    <ClInclude Include="CSApp.h">
      <Filter>Header Files</Filter>
    </ClInclude>
    <ClInclude Include="defaults_SpaceBuster.h">
      <Filter>Header Files</Filter>
    </ClInclude>
    <ClInclude Include="Game.h">
      <Filter>Header Files</Filter>
    </ClInclude>
    <ClInclude Include="GameObject.h">
      <Filter>Header Files</Filter>
    </ClInclude>
    <ClInclude Include="Inventory.h">
      <Filter>Header Files</Filter>
    </ClInclude>
    <ClInclude Include="Item.h">
      <Filter>Header Files</Filter>
    </ClInclude>
    <ClInclude Include="ItemObject.h">
      <Filter>Header Files</Filter>
    </ClInclude>
    <ClInclude Include="ObjectFactory.h">
      <Filter>Header Files</Filter>
    </ClInclude>
    <ClInclude Include="PhysDebug.h">
      <Filter>Header Files</Filter>
    </ClInclude>
    <ClInclude Include="ResourceManager.h">
      <Filter>Header Files</Filter>
    </ClInclude>
    <ClInclude Include="Shader.h">
      <Filter>Header Files</Filter>
    </ClInclude>
    <ClInclude Include="ShipController.h">
      <Filter>Header Files</Filter>
    </ClInclude>
    <ClInclude Include="Spaceship.h">
      <Filter>Header Files</Filter>
    </ClInclude>
    <ClInclude Include="stb_image.h">
      <Filter>Header Files</Filter>
    </ClInclude>
    <ClInclude Include="Surface.h">
      <Filter>Header Files</Filter>
    </ClInclude>
    <ClInclude Include="Texture.h">
      <Filter>Header Files</Filter>
    </ClInclude>
    <ClInclude Include="Utility_Physics.h">
      <Filter>Header Files</Filter>
    </ClInclude>
    <ClInclude Include="Zone.h">
      <Filter>Header Files</Filter>
    </ClInclude>
    <ClInclude Include="imgui\imconfig.h">
      <Filter>Imgui</Filter>
    </ClInclude>
    <ClInclude Include="imgui\imgui.h">
      <Filter>Imgui</Filter>
    </ClInclude>
    <ClInclude Include="imgui\imgui_impl_glfw.h">
      <Filter>Imgui</Filter>
    </ClInclude>
    <ClInclude Include="imgui\imgui_impl_opengl3.h">
      <Filter>Imgui</Filter>
    </ClInclude>
    <ClInclude Include="imgui\imgui_impl_opengl3_loader.h">
      <Filter>Imgui</Filter>
    </ClInclude>
    <ClInclude Include="imgui\imgui_internal.h">
      <Filter>Imgui</Filter>
    </ClInclude>
    <ClInclude Include="imgui\imstb_rectpack.h">
      <Filter>Imgui</Filter>
    </ClInclude>
    <ClInclude Include="imgui\imstb_textedit.h">
      <Filter>Imgui</Filter>
    </ClInclude>
    <ClInclude Include="imgui\imstb_truetype.h">
      <Filter>Imgui</Filter>
    </ClInclude>
  </ItemGroup>
  <ItemGroup>
    <ResourceCompile Include="B-Engine.rc">
      <Filter>Resource Files</Filter>
    </ResourceCompile>
  </ItemGroup>
  <ItemGroup>
    <None Include="packages.config" />
  </ItemGroup>
</Project>