<?xml version="1.0" encoding="utf-8"?>
<Project ToolsVersion="4.0" xmlns="http://schemas.microsoft.com/developer/msbuild/2003">
  <ItemGroup>
    <Filter Include="Source Files">
      <UniqueIdentifier>{4FC737F1-C7A5-4376-A066-2A32D752A2FF}</UniqueIdentifier>
      <Extensions>cpp;c;cc;cxx;c++;cppm;ixx;def;odl;idl;hpj;bat;asm;asmx</Extensions>
    </Filter>
    <Filter Include="Header Files">
      <UniqueIdentifier>{93995380-89BD-4b04-88EB-625FBE52EBFB}</UniqueIdentifier>
      <Extensions>h;hh;hpp;hxx;h++;hm;inl;inc;ipp;xsd</Extensions>
    </Filter>
    <Filter Include="Resource Files">
      <UniqueIdentifier>{67DA6AB6-F800-4c08-8B7A-83BB121AAD01}</UniqueIdentifier>
      <Extensions>rc;ico;cur;bmp;dlg;rc2;rct;bin;rgs;gif;jpg;jpeg;jpe;resx;tiff;tif;png;wav;mfcribbon-ms</Extensions>
    </Filter>
    <Filter Include="Imgui">
      <UniqueIdentifier>{947059eb-26d7-4201-a5a1-b8fa6aeb8171}</UniqueIdentifier>
    </Filter>
    <Filter Include="Scenes">
      <UniqueIdentifier>{a55abf9a-211d-476c-a070-746b4c549dc9}</UniqueIdentifier>
    </Filter>
    <Filter Include="Utilities">
      <UniqueIdentifier>{cf4c32b1-92bd-4f03-92ed-8ff9d036f678}</UniqueIdentifier>
    </Filter>
    <Filter Include="Spacebuster">
      <UniqueIdentifier>{1204344c-fb22-4ca9-b862-adc2c0f30a3b}</UniqueIdentifier>
    </Filter>
    <Filter Include="Inventories">
      <UniqueIdentifier>{2883ad75-a64c-478a-82b0-478fe4bf5985}</UniqueIdentifier>
    </Filter>
    <Filter Include="Scenes\templates">
      <UniqueIdentifier>{3a7fa8fe-bd24-48d7-b575-2d88c9564b90}</UniqueIdentifier>
    </Filter>
    <Filter Include="Shaders">
      <UniqueIdentifier>{61b815e2-4fa7-4704-9f70-0ad673d6b6d9}</UniqueIdentifier>
    </Filter>
    <Filter Include="Assets">
      <UniqueIdentifier>{7f422b04-173b-49cb-9abd-80579c103d1a}</UniqueIdentifier>
    </Filter>
    <Filter Include="Spacebuster\levels/missions">
      <UniqueIdentifier>{038cd061-b03e-4fef-9c6e-34637d4cbc95}</UniqueIdentifier>
    </Filter>
    <Filter Include="Scenes\Spacebuster Scenes">
      <UniqueIdentifier>{25fed3e2-7218-4031-a534-034ac5fb087a}</UniqueIdentifier>
    </Filter>
    <Filter Include="Utilities\sajson">
      <UniqueIdentifier>{576c5a46-05cb-48af-ac0c-8bb62685f8c3}</UniqueIdentifier>
    </Filter>
    <Filter Include="Scenes\test scenes">
      <UniqueIdentifier>{561f6abe-4f83-4432-8467-e6631fa4522a}</UniqueIdentifier>
    </Filter>
    <Filter Include="Assets\backgrounds">
      <UniqueIdentifier>{01f8c47a-b584-4d70-948a-30ac4e47d2bd}</UniqueIdentifier>
    </Filter>
    <Filter Include="Configurations">
      <UniqueIdentifier>{0e749c6a-5cbf-4018-b914-7535157b33dc}</UniqueIdentifier>
    </Filter>
    <Filter Include="Objects">
      <UniqueIdentifier>{aaa38110-d835-4cd6-b6c1-fd7a4605eba5}</UniqueIdentifier>
    </Filter>
    <Filter Include="Objects\UI">
      <UniqueIdentifier>{fee869fc-ee86-4626-87a5-6dfa5c1b2387}</UniqueIdentifier>
    </Filter>
    <Filter Include="Utilities\UI">
      <UniqueIdentifier>{6507d93a-668c-41dc-a252-c13f98fc3d05}</UniqueIdentifier>
    </Filter>
    <Filter Include="Shaders\3d">
      <UniqueIdentifier>{7deb37d1-46ea-4e75-b212-f6a8ede6370f}</UniqueIdentifier>
    </Filter>
    <Filter Include="Scenes\examples">
      <UniqueIdentifier>{77271587-df32-4bc7-8825-ed86c39e2e91}</UniqueIdentifier>
    </Filter>
    <Filter Include="Scenes\examples\box2d">
      <UniqueIdentifier>{d4247901-0cf1-4fb7-aa0e-c3c9cde4eb12}</UniqueIdentifier>
    </Filter>
    <Filter Include="Shaders\text">
      <UniqueIdentifier>{86e3bb90-6a2e-4c9d-9148-8b94988c68bc}</UniqueIdentifier>
    </Filter>
    <Filter Include="Shaders\object">
      <UniqueIdentifier>{b3d290a7-ca26-452d-80df-4d794fd957ee}</UniqueIdentifier>
    </Filter>
    <Filter Include="Fonts">
      <UniqueIdentifier>{4f59a932-b3c2-44a4-9ae8-9c402c379cb9}</UniqueIdentifier>
    </Filter>
    <Filter Include="Utilities\Texts/Fonts">
      <UniqueIdentifier>{fc2e9f19-f167-46c6-bac0-bcc211c5d7da}</UniqueIdentifier>
    </Filter>
    <Filter Include="z_GLWrappers">
      <UniqueIdentifier>{afaf92cd-2ec5-4ed6-9edf-2b8cd81829f6}</UniqueIdentifier>
    </Filter>
    <Filter Include="Utilities\imguiWrappers">
      <UniqueIdentifier>{fe1b0db1-47a3-4041-8241-8e6dca5a6502}</UniqueIdentifier>
    </Filter>
    <Filter Include="Utilities\FileIO">
      <UniqueIdentifier>{096922ec-ed66-4771-9dd9-c5cc83b7c907}</UniqueIdentifier>
    </Filter>
    <Filter Include="Assets\jsons">
      <UniqueIdentifier>{fbbe6dd3-b9e9-4ae8-b525-36293ef3a4d3}</UniqueIdentifier>
    </Filter>
    <Filter Include="Utilities\FileIO\Testing">
      <UniqueIdentifier>{c57ca44a-af4d-4b78-9e2a-4a364927472f}</UniqueIdentifier>
    </Filter>
    <Filter Include="Canvas">
      <UniqueIdentifier>{30c5bed6-5453-4ca1-a63f-668debde6757}</UniqueIdentifier>
    </Filter>
    <Filter Include="Scenes\Spacebuster Final">
      <UniqueIdentifier>{dc923830-86da-4056-b075-49aa550583c7}</UniqueIdentifier>
    </Filter>
  </ItemGroup>
  <ItemGroup>
    <ClCompile Include="Main.cpp">
      <Filter>Source Files</Filter>
    </ClCompile>
    <ClCompile Include="imgui\imgui.cpp">
      <Filter>Imgui</Filter>
    </ClCompile>
    <ClCompile Include="imgui\imgui_demo.cpp">
      <Filter>Imgui</Filter>
    </ClCompile>
    <ClCompile Include="imgui\imgui_draw.cpp">
      <Filter>Imgui</Filter>
    </ClCompile>
    <ClCompile Include="imgui\imgui_impl_glfw.cpp">
      <Filter>Imgui</Filter>
    </ClCompile>
    <ClCompile Include="imgui\imgui_impl_opengl3.cpp">
      <Filter>Imgui</Filter>
    </ClCompile>
    <ClCompile Include="imgui\imgui_tables.cpp">
      <Filter>Imgui</Filter>
    </ClCompile>
    <ClCompile Include="imgui\imgui_widgets.cpp">
      <Filter>Imgui</Filter>
    </ClCompile>
    <ClCompile Include="Camera.cpp">
      <Filter>Utilities</Filter>
    </ClCompile>
    <ClCompile Include="CameraController.cpp">
      <Filter>Utilities</Filter>
    </ClCompile>
    <ClCompile Include="Utility_Physics.cpp">
      <Filter>Utilities</Filter>
    </ClCompile>
    <ClCompile Include="Texture.cpp">
      <Filter>Utilities</Filter>
    </ClCompile>
    <ClCompile Include="Surface.cpp">
      <Filter>Utilities</Filter>
    </ClCompile>
    <ClCompile Include="Shader.cpp">
      <Filter>Utilities</Filter>
    </ClCompile>
    <ClCompile Include="PhysDebug.cpp">
      <Filter>Utilities</Filter>
    </ClCompile>
    <ClCompile Include="glad.c">
      <Filter>Resource Files</Filter>
    </ClCompile>
    <ClCompile Include="b2BodyGrabber.cpp">
      <Filter>Utilities</Filter>
    </ClCompile>
    <ClCompile Include="App.cpp">
      <Filter>Source Files</Filter>
    </ClCompile>
    <ClCompile Include="Game.cpp">
      <Filter>Source Files</Filter>
    </ClCompile>
    <ClCompile Include="baseContactListener.cpp">
      <Filter>Utilities</Filter>
    </ClCompile>
    <ClCompile Include="Astroid.cpp">
      <Filter>Spacebuster</Filter>
    </ClCompile>
    <ClCompile Include="AstroidManager.cpp">
      <Filter>Spacebuster</Filter>
    </ClCompile>
    <ClCompile Include="AstroidObject.cpp">
      <Filter>Spacebuster</Filter>
    </ClCompile>
    <ClCompile Include="Bullet.cpp">
      <Filter>Spacebuster</Filter>
    </ClCompile>
    <ClCompile Include="defaults_SpaceBuster.cpp">
      <Filter>Spacebuster</Filter>
    </ClCompile>
    <ClCompile Include="ShipController.cpp">
      <Filter>Spacebuster</Filter>
    </ClCompile>
    <ClCompile Include="Spaceship.cpp">
      <Filter>Spacebuster</Filter>
    </ClCompile>
    <ClCompile Include="Zone.cpp">
      <Filter>Spacebuster</Filter>
    </ClCompile>
    <ClCompile Include="CSApp.cpp">
      <Filter>Source Files</Filter>
    </ClCompile>
    <ClCompile Include="ObjectFactory.cpp">
      <Filter>Utilities</Filter>
    </ClCompile>
    <ClCompile Include="ResourceManager.cpp">
      <Filter>Utilities</Filter>
    </ClCompile>
    <ClCompile Include="ItemObject.cpp">
      <Filter>Inventories</Filter>
    </ClCompile>
    <ClCompile Include="Inventory.cpp">
      <Filter>Inventories</Filter>
    </ClCompile>
    <ClCompile Include="Item.cpp">
      <Filter>Inventories</Filter>
    </ClCompile>
    <ClCompile Include="newGameTemplate.cpp">
      <Filter>Scenes\templates</Filter>
    </ClCompile>
    <ClCompile Include="SpaceBusterGame.cpp">
      <Filter>Scenes\templates</Filter>
    </ClCompile>
    <ClCompile Include="Mission.cpp">
      <Filter>Spacebuster\levels/missions</Filter>
    </ClCompile>
    <ClCompile Include="MissionStandard.cpp">
      <Filter>Spacebuster\levels/missions</Filter>
    </ClCompile>
    <ClCompile Include="ShipConfigScene.cpp">
      <Filter>Scenes\Spacebuster Scenes</Filter>
    </ClCompile>
    <ClCompile Include="ItemPickupScene.cpp">
      <Filter>Scenes\Spacebuster Scenes</Filter>
    </ClCompile>
    <ClCompile Include="SpaceBuster.cpp">
      <Filter>Scenes\Spacebuster Scenes</Filter>
    </ClCompile>
    <ClCompile Include="test_Astroids.cpp">
      <Filter>Scenes\Spacebuster Scenes</Filter>
    </ClCompile>
    <ClCompile Include="MissionScene.cpp">
      <Filter>Scenes\Spacebuster Scenes</Filter>
    </ClCompile>
    <ClCompile Include="InventoryScene.cpp">
      <Filter>Scenes\Spacebuster Scenes</Filter>
    </ClCompile>
    <ClCompile Include="SpriteMapTest.cpp">
      <Filter>Scenes\test scenes</Filter>
    </ClCompile>
    <ClCompile Include="ParallaxTestScene.cpp">
      <Filter>Scenes\test scenes</Filter>
    </ClCompile>
    <ClCompile Include="vertexBufferRender.cpp">
      <Filter>Scenes\test scenes</Filter>
    </ClCompile>
    <ClCompile Include="Transform.cpp">
      <Filter>Utilities</Filter>
    </ClCompile>
    <ClCompile Include="Sprite.cpp">
      <Filter>Utilities</Filter>
    </ClCompile>
    <ClCompile Include="GameObject.cpp">
      <Filter>Source Files</Filter>
    </ClCompile>
    <ClCompile Include="ParallaxLayer.cpp">
      <Filter>Source Files</Filter>
    </ClCompile>
    <ClCompile Include="SpriteAnimator.cpp">
      <Filter>Source Files</Filter>
    </ClCompile>
    <ClCompile Include="ObjectListener.cpp">
      <Filter>Utilities</Filter>
    </ClCompile>
    <ClCompile Include="MissionSurvival.cpp">
      <Filter>Spacebuster\levels/missions</Filter>
    </ClCompile>
    <ClCompile Include="SBmainLoop.cpp">
      <Filter>Scenes\Spacebuster Scenes</Filter>
    </ClCompile>
    <ClCompile Include="UI_element.cpp">
      <Filter>Utilities\UI</Filter>
    </ClCompile>
    <ClCompile Include="UI_Meter.cpp">
      <Filter>Utilities\UI</Filter>
    </ClCompile>
    <ClCompile Include="ScoreManager.cpp">
      <Filter>Spacebuster</Filter>
    </ClCompile>
    <ClCompile Include="Ship.cpp">
      <Filter>Spacebuster</Filter>
    </ClCompile>
    <ClCompile Include="ShipConfigScene2.cpp">
      <Filter>Scenes\Spacebuster Scenes</Filter>
    </ClCompile>
    <ClCompile Include="OmniLauncher.cpp">
      <Filter>Spacebuster</Filter>
    </ClCompile>
    <ClCompile Include="NeoShipController.cpp">
      <Filter>Spacebuster</Filter>
    </ClCompile>
    <ClCompile Include="ShipAttributes.cpp">
      <Filter>Spacebuster</Filter>
    </ClCompile>
    <ClCompile Include="ShipControllerUI.cpp">
      <Filter>Spacebuster</Filter>
    </ClCompile>
    <ClCompile Include="UI_Button.cpp">
      <Filter>Utilities\UI</Filter>
    </ClCompile>
    <ClCompile Include="NeoInventory.cpp">
      <Filter>Spacebuster</Filter>
    </ClCompile>
    <ClCompile Include="ZoneTest.cpp">
      <Filter>Scenes\examples</Filter>
    </ClCompile>
    <ClCompile Include="SpriteTest.cpp">
      <Filter>Scenes\examples</Filter>
    </ClCompile>
    <ClCompile Include="breakable.cpp">
      <Filter>Scenes\examples\box2d</Filter>
    </ClCompile>
    <ClCompile Include="Car.cpp">
      <Filter>Scenes\examples\box2d</Filter>
    </ClCompile>
    <ClCompile Include="pinball.cpp">
      <Filter>Scenes\examples\box2d</Filter>
    </ClCompile>
    <ClCompile Include="Platformer.cpp">
      <Filter>Scenes\examples\box2d</Filter>
    </ClCompile>
    <ClCompile Include="TextRenderingScene.cpp">
      <Filter>Scenes\test scenes</Filter>
    </ClCompile>
    <ClCompile Include="TextRenderer.cpp">
      <Filter>Utilities\Texts/Fonts</Filter>
    </ClCompile>
    <ClCompile Include="vertexObjects.cpp">
      <Filter>z_GLWrappers</Filter>
    </ClCompile>
    <ClCompile Include="TextManager.cpp">
      <Filter>Utilities\Texts/Fonts</Filter>
    </ClCompile>
    <ClCompile Include="imguiTextWrap.cpp">
      <Filter>Utilities\imguiWrappers</Filter>
    </ClCompile>
    <ClCompile Include="FileManipulationScene.cpp">
      <Filter>Scenes\test scenes</Filter>
    </ClCompile>
    <ClCompile Include="Settings.cpp">
      <Filter>Utilities\FileIO</Filter>
    </ClCompile>
    <ClCompile Include="jsonParser.cpp">
      <Filter>Utilities\FileIO</Filter>
    </ClCompile>
    <ClCompile Include="FileIO.cpp">
      <Filter>Utilities\FileIO</Filter>
    </ClCompile>
    <ClCompile Include="FileData.cpp">
      <Filter>Utilities\FileIO</Filter>
    </ClCompile>
    <ClCompile Include="Canvas.cpp">
      <Filter>Canvas</Filter>
    </ClCompile>
    <ClCompile Include="CanvasItem.cpp">
      <Filter>Canvas</Filter>
    </ClCompile>
    <ClCompile Include="ScoreScene.cpp">
      <Filter>Scenes\Spacebuster Final</Filter>
    </ClCompile>
    <ClCompile Include="MenuScene.cpp">
      <Filter>Scenes\Spacebuster Final</Filter>
    </ClCompile>
    <ClCompile Include="SpaceBusterIIISetup.cpp">
      <Filter>Scenes\Spacebuster Final</Filter>
    </ClCompile>
  </ItemGroup>
  <ItemGroup>
    <ClInclude Include="resource.h">
      <Filter>Header Files</Filter>
    </ClInclude>
    <ClInclude Include="App.h">
      <Filter>Header Files</Filter>
    </ClInclude>
    <ClInclude Include="Astroid.h">
      <Filter>Header Files</Filter>
    </ClInclude>
    <ClInclude Include="AstroidManager.h">
      <Filter>Header Files</Filter>
    </ClInclude>
    <ClInclude Include="AstroidObject.h">
      <Filter>Header Files</Filter>
    </ClInclude>
    <ClInclude Include="b2BodyGrabber.h">
      <Filter>Header Files</Filter>
    </ClInclude>
    <ClInclude Include="baseContactListener.h">
      <Filter>Header Files</Filter>
    </ClInclude>
    <ClInclude Include="Bullet.h">
      <Filter>Header Files</Filter>
    </ClInclude>
    <ClInclude Include="Camera.h">
      <Filter>Header Files</Filter>
    </ClInclude>
    <ClInclude Include="CameraController.h">
      <Filter>Header Files</Filter>
    </ClInclude>
    <ClInclude Include="CSApp.h">
      <Filter>Header Files</Filter>
    </ClInclude>
    <ClInclude Include="defaults_SpaceBuster.h">
      <Filter>Header Files</Filter>
    </ClInclude>
    <ClInclude Include="Game.h">
      <Filter>Header Files</Filter>
    </ClInclude>
    <ClInclude Include="GameObject.h">
      <Filter>Header Files</Filter>
    </ClInclude>
    <ClInclude Include="Inventory.h">
      <Filter>Header Files</Filter>
    </ClInclude>
    <ClInclude Include="Item.h">
      <Filter>Header Files</Filter>
    </ClInclude>
    <ClInclude Include="ItemObject.h">
      <Filter>Header Files</Filter>
    </ClInclude>
    <ClInclude Include="ObjectFactory.h">
      <Filter>Header Files</Filter>
    </ClInclude>
    <ClInclude Include="PhysDebug.h">
      <Filter>Header Files</Filter>
    </ClInclude>
    <ClInclude Include="ResourceManager.h">
      <Filter>Header Files</Filter>
    </ClInclude>
    <ClInclude Include="Shader.h">
      <Filter>Header Files</Filter>
    </ClInclude>
    <ClInclude Include="ShipController.h">
      <Filter>Header Files</Filter>
    </ClInclude>
    <ClInclude Include="Spaceship.h">
      <Filter>Header Files</Filter>
    </ClInclude>
    <ClInclude Include="stb_image.h">
      <Filter>Header Files</Filter>
    </ClInclude>
    <ClInclude Include="Surface.h">
      <Filter>Header Files</Filter>
    </ClInclude>
    <ClInclude Include="Texture.h">
      <Filter>Header Files</Filter>
    </ClInclude>
    <ClInclude Include="Utility_Physics.h">
      <Filter>Header Files</Filter>
    </ClInclude>
    <ClInclude Include="Zone.h">
      <Filter>Header Files</Filter>
    </ClInclude>
    <ClInclude Include="imgui\imconfig.h">
      <Filter>Imgui</Filter>
    </ClInclude>
    <ClInclude Include="imgui\imgui.h">
      <Filter>Imgui</Filter>
    </ClInclude>
    <ClInclude Include="imgui\imgui_impl_glfw.h">
      <Filter>Imgui</Filter>
    </ClInclude>
    <ClInclude Include="imgui\imgui_impl_opengl3.h">
      <Filter>Imgui</Filter>
    </ClInclude>
    <ClInclude Include="imgui\imgui_impl_opengl3_loader.h">
      <Filter>Imgui</Filter>
    </ClInclude>
    <ClInclude Include="imgui\imgui_internal.h">
      <Filter>Imgui</Filter>
    </ClInclude>
    <ClInclude Include="imgui\imstb_rectpack.h">
      <Filter>Imgui</Filter>
    </ClInclude>
    <ClInclude Include="imgui\imstb_textedit.h">
      <Filter>Imgui</Filter>
    </ClInclude>
    <ClInclude Include="imgui\imstb_truetype.h">
      <Filter>Imgui</Filter>
    </ClInclude>
    <ClInclude Include="SpaceBusterGame.h">
      <Filter>Scenes\templates</Filter>
    </ClInclude>
    <ClInclude Include="Mission.h">
      <Filter>Header Files</Filter>
    </ClInclude>
    <ClInclude Include="MissionStandard.h">
      <Filter>Header Files</Filter>
    </ClInclude>
    <ClInclude Include="ObjectListener.h">
      <Filter>Header Files</Filter>
    </ClInclude>
    <ClInclude Include="sajson.h">
      <Filter>Utilities\sajson</Filter>
    </ClInclude>
    <ClInclude Include="ParallaxLayer.h">
      <Filter>Header Files</Filter>
    </ClInclude>
    <ClInclude Include="experimentalSurface.h">
      <Filter>Header Files</Filter>
    </ClInclude>
    <ClInclude Include="Transform.h">
      <Filter>Utilities</Filter>
    </ClInclude>
    <ClInclude Include="Sprite.h">
      <Filter>Utilities</Filter>
    </ClInclude>
    <ClInclude Include="SpriteAnimator.h">
      <Filter>Header Files</Filter>
    </ClInclude>
    <ClInclude Include="UI_element.h">
      <Filter>Header Files</Filter>
    </ClInclude>
    <ClInclude Include="UI_Meter.h">
      <Filter>Header Files</Filter>
    </ClInclude>
    <ClInclude Include="ScoreManager.h">
      <Filter>Header Files</Filter>
    </ClInclude>
    <ClInclude Include="MissionSurvival.h">
      <Filter>Header Files</Filter>
    </ClInclude>
    <ClInclude Include="Ship.h">
      <Filter>Header Files</Filter>
    </ClInclude>
    <ClInclude Include="ShipAttributes.h">
      <Filter>Header Files</Filter>
    </ClInclude>
    <ClInclude Include="OmniLauncher.h">
      <Filter>Header Files</Filter>
    </ClInclude>
    <ClInclude Include="NeoShipController.h">
      <Filter>Header Files</Filter>
    </ClInclude>
    <ClInclude Include="ShipControllerUI.h">
      <Filter>Header Files</Filter>
    </ClInclude>
    <ClInclude Include="UI_Button.h">
      <Filter>Header Files</Filter>
    </ClInclude>
    <ClInclude Include="NeoInventory.h">
      <Filter>Header Files</Filter>
    </ClInclude>
    <ClInclude Include="TextRenderer.h">
      <Filter>Header Files</Filter>
    </ClInclude>
    <ClInclude Include="vertexObjects.h">
      <Filter>z_GLWrappers</Filter>
    </ClInclude>
    <ClInclude Include="TextManager.h">
      <Filter>Header Files</Filter>
    </ClInclude>
    <ClInclude Include="imguiTextWrap.h">
      <Filter>Utilities\imguiWrappers</Filter>
    </ClInclude>
    <ClInclude Include="Settings.h">
      <Filter>Utilities\FileIO</Filter>
    </ClInclude>
    <ClInclude Include="jsonParser.h">
      <Filter>Utilities\FileIO</Filter>
    </ClInclude>
    <ClInclude Include="FileIO.h">
      <Filter>Utilities\FileIO</Filter>
    </ClInclude>
    <ClInclude Include="FileData.h">
      <Filter>Utilities\FileIO</Filter>
    </ClInclude>
    <ClInclude Include="Canvas.h">
      <Filter>Header Files</Filter>
    </ClInclude>
    <ClInclude Include="CanvasItem.h">
      <Filter>Header Files</Filter>
    </ClInclude>
  </ItemGroup>
  <ItemGroup>
    <ResourceCompile Include="B-Engine.rc">
      <Filter>Resource Files</Filter>
    </ResourceCompile>
  </ItemGroup>
  <ItemGroup>
    <None Include="packages.config" />
    <None Include="assets\miniAtlas.json">
      <Filter>Assets</Filter>
    </None>
    <None Include="assets\his13_000.json">
      <Filter>Assets</Filter>
    </None>
    <None Include="assets\Haohmaru_141.json">
      <Filter>Assets</Filter>
    </None>
    <None Include="imgui.ini">
      <Filter>Configurations</Filter>
    </None>
    <None Include="settings.ini">
      <Filter>Configurations</Filter>
    </None>
    <None Include="toon.frag">
      <Filter>Shaders\3d</Filter>
    </None>
    <None Include="NDC_sprite.vts">
      <Filter>Shaders\object</Filter>
    </None>
    <None Include="stdsprite.frs">
      <Filter>Shaders\object</Filter>
    </None>
    <None Include="stdsprite.vts">
      <Filter>Shaders\object</Filter>
    </None>
    <None Include="test.frs">
      <Filter>Shaders\object</Filter>
    </None>
    <None Include="test.vts">
      <Filter>Shaders\object</Filter>
    </None>
    <None Include="textureAtlas.frs">
      <Filter>Shaders\object</Filter>
    </None>
    <None Include="textureAtlas.vts">
      <Filter>Shaders\object</Filter>
    </None>
    <None Include="UIShader00.frs">
      <Filter>Shaders\object</Filter>
    </None>
    <None Include="UIShader00.vts">
      <Filter>Shaders\object</Filter>
    </None>
    <None Include="textShader.vertex">
      <Filter>Shaders\text</Filter>
    </None>
    <None Include="textShader.frag">
      <Filter>Shaders\text</Filter>
    </None>
    <None Include="assets\Scores.json">
      <Filter>Assets\jsons</Filter>
    </None>
    <None Include="canvas.frag">
      <Filter>Shaders\text</Filter>
    </None>
    <None Include="canvas.vertex">
      <Filter>Shaders\text</Filter>
    </None>
  </ItemGroup>
  <ItemGroup>
    <Image Include="assets\Ammo.png">
      <Filter>Assets</Filter>
    </Image>
    <Image Include="assets\brick.png">
      <Filter>Assets</Filter>
    </Image>
    <Image Include="assets\EnergyCell.png">
      <Filter>Assets</Filter>
    </Image>
    <Image Include="assets\SparePart.png">
      <Filter>Assets</Filter>
    </Image>
    <Image Include="icon.png">
      <Filter>Assets</Filter>
    </Image>
    <Image Include="assets\miniAtlas.png">
      <Filter>Assets</Filter>
    </Image>
    <Image Include="assets\spriteAtlas.png">
      <Filter>Assets</Filter>
    </Image>
    <Image Include="assets\his13_000-sheet.png">
      <Filter>Assets</Filter>
    </Image>
    <Image Include="assets\Haohmaru_141.png">
      <Filter>Assets</Filter>
    </Image>
    <Image Include="assets\bgs\background_settingSun.png">
      <Filter>Assets\backgrounds</Filter>
    </Image>
    <Image Include="assets\bgs\blankpixel.png">
      <Filter>Assets\backgrounds</Filter>
    </Image>
    <Image Include="assets\bgs\foreground_00.png">
      <Filter>Assets\backgrounds</Filter>
    </Image>
    <Image Include="assets\bgs\foreground_01.png">
      <Filter>Assets\backgrounds</Filter>
    </Image>
    <Image Include="assets\bgs\foreground_02.png">
      <Filter>Assets\backgrounds</Filter>
    </Image>
    <Image Include="assets\bgs\foreground_03.png">
      <Filter>Assets\backgrounds</Filter>
    </Image>
    <Image Include="assets\bgs\foreground_04.png">
      <Filter>Assets\backgrounds</Filter>
    </Image>
    <Image Include="assets\bgs\foreground_05.png">
      <Filter>Assets\backgrounds</Filter>
    </Image>
  </ItemGroup>
</Project>